// !$*UTF8*$!
{
	archiveVersion = 1;
	classes = {
	};
	objectVersion = 46;
	objects = {

/* Begin PBXBuildFile section */
		810AD94B1A90110200B7B2B5 /* UserControl.m in Sources */ = {isa = PBXBuildFile; fileRef = 810AD94A1A90110200B7B2B5 /* UserControl.m */; };
		81111E101A92C69E004B878D /* ProfileViewController.m in Sources */ = {isa = PBXBuildFile; fileRef = 81111E0F1A92C69E004B878D /* ProfileViewController.m */; };
		81113A561A8FB4D700F07E78 /* main.m in Sources */ = {isa = PBXBuildFile; fileRef = 81113A551A8FB4D700F07E78 /* main.m */; };
		81113A591A8FB4D700F07E78 /* AppDelegate.m in Sources */ = {isa = PBXBuildFile; fileRef = 81113A581A8FB4D700F07E78 /* AppDelegate.m */; };
		81113A621A8FB4D700F07E78 /* Main.storyboard in Resources */ = {isa = PBXBuildFile; fileRef = 81113A601A8FB4D700F07E78 /* Main.storyboard */; };
		81113A641A8FB4D700F07E78 /* Images.xcassets in Resources */ = {isa = PBXBuildFile; fileRef = 81113A631A8FB4D700F07E78 /* Images.xcassets */; };
		81113A671A8FB4D700F07E78 /* LaunchScreen.xib in Resources */ = {isa = PBXBuildFile; fileRef = 81113A651A8FB4D700F07E78 /* LaunchScreen.xib */; };
		81113A731A8FB4D700F07E78 /* TwitterBEPIDTests.m in Sources */ = {isa = PBXBuildFile; fileRef = 81113A721A8FB4D700F07E78 /* TwitterBEPIDTests.m */; };
		81113A811A8FB59A00F07E78 /* Bolts.framework in Frameworks */ = {isa = PBXBuildFile; fileRef = 81113A7F1A8FB59A00F07E78 /* Bolts.framework */; };
		81113A821A8FB59A00F07E78 /* Parse.framework in Frameworks */ = {isa = PBXBuildFile; fileRef = 81113A801A8FB59A00F07E78 /* Parse.framework */; };
		81113A881A8FB5F300F07E78 /* libsqlite3.dylib in Frameworks */ = {isa = PBXBuildFile; fileRef = 81113A871A8FB5F300F07E78 /* libsqlite3.dylib */; };
		81113A8A1A8FB5FB00F07E78 /* libz.dylib in Frameworks */ = {isa = PBXBuildFile; fileRef = 81113A891A8FB5FB00F07E78 /* libz.dylib */; };
		81113A8C1A8FB60400F07E78 /* SystemConfiguration.framework in Frameworks */ = {isa = PBXBuildFile; fileRef = 81113A8B1A8FB60400F07E78 /* SystemConfiguration.framework */; };
		81113A8E1A8FB60900F07E78 /* StoreKit.framework in Frameworks */ = {isa = PBXBuildFile; fileRef = 81113A8D1A8FB60900F07E78 /* StoreKit.framework */; };
		81113A901A8FB61200F07E78 /* Security.framework in Frameworks */ = {isa = PBXBuildFile; fileRef = 81113A8F1A8FB61200F07E78 /* Security.framework */; };
		81113A921A8FB62200F07E78 /* QuartzCore.framework in Frameworks */ = {isa = PBXBuildFile; fileRef = 81113A911A8FB62200F07E78 /* QuartzCore.framework */; };
		81113A941A8FB62900F07E78 /* MobileCoreServices.framework in Frameworks */ = {isa = PBXBuildFile; fileRef = 81113A931A8FB62900F07E78 /* MobileCoreServices.framework */; };
		81113A961A8FB63000F07E78 /* CoreLocation.framework in Frameworks */ = {isa = PBXBuildFile; fileRef = 81113A951A8FB63000F07E78 /* CoreLocation.framework */; };
		81113A981A8FB63800F07E78 /* CoreGraphics.framework in Frameworks */ = {isa = PBXBuildFile; fileRef = 81113A971A8FB63800F07E78 /* CoreGraphics.framework */; };
		81113A991A8FB64000F07E78 /* CFNetwork.framework in Frameworks */ = {isa = PBXBuildFile; fileRef = 81113A851A8FB5DF00F07E78 /* CFNetwork.framework */; };
		81113A9A1A8FB64600F07E78 /* AudioToolbox.framework in Frameworks */ = {isa = PBXBuildFile; fileRef = 81113A831A8FB5BA00F07E78 /* AudioToolbox.framework */; };
		81113A9D1A8FB83700F07E78 /* Login.storyboard in Resources */ = {isa = PBXBuildFile; fileRef = 81113A9B1A8FB83700F07E78 /* Login.storyboard */; };
		81113AA31A8FB9D600F07E78 /* LoginViewController.m in Sources */ = {isa = PBXBuildFile; fileRef = 81113AA21A8FB9D600F07E78 /* LoginViewController.m */; };
		81113AA61A8FB9E700F07E78 /* RegisterViewController.m in Sources */ = {isa = PBXBuildFile; fileRef = 81113AA51A8FB9E700F07E78 /* RegisterViewController.m */; };
		81113AA91A8FC5B800F07E78 /* User.m in Sources */ = {isa = PBXBuildFile; fileRef = 81113AA81A8FC5B800F07E78 /* User.m */; };
		81156A8A1A93F96C0001A1B6 /* Tweet.m in Sources */ = {isa = PBXBuildFile; fileRef = 81156A891A93F96C0001A1B6 /* Tweet.m */; };
		81156A8D1A93F9810001A1B6 /* TweetControl.m in Sources */ = {isa = PBXBuildFile; fileRef = 81156A8C1A93F9810001A1B6 /* TweetControl.m */; };
		8135FC3D1A924E62008F8B5B /* Util.m in Sources */ = {isa = PBXBuildFile; fileRef = 8135FC3C1A924E62008F8B5B /* Util.m */; };
		8135FC401A926BB8008F8B5B /* UsersCollectionViewController.m in Sources */ = {isa = PBXBuildFile; fileRef = 8135FC3F1A926BB8008F8B5B /* UsersCollectionViewController.m */; };
		8135FC431A926DCD008F8B5B /* UserCollectionViewCell.m in Sources */ = {isa = PBXBuildFile; fileRef = 8135FC421A926DCD008F8B5B /* UserCollectionViewCell.m */; };
		8135FC471A926FDF008F8B5B /* AsyncImageView.m in Sources */ = {isa = PBXBuildFile; fileRef = 8135FC461A926FDF008F8B5B /* AsyncImageView.m */; };
		819A11971A93D42F00B254FE /* Message.m in Sources */ = {isa = PBXBuildFile; fileRef = 819A11961A93D42F00B254FE /* Message.m */; };
		81A9E3E71A917D3F00B4F52E /* FavoritesViewController.m in Sources */ = {isa = PBXBuildFile; fileRef = 81A9E3E61A917D3F00B4F52E /* FavoritesViewController.m */; };
		81A9E3EA1A917D5A00B4F52E /* MessagesViewController.m in Sources */ = {isa = PBXBuildFile; fileRef = 81A9E3E91A917D5A00B4F52E /* MessagesViewController.m */; };
		81A9E3F01A917D8D00B4F52E /* TweetViewController.m in Sources */ = {isa = PBXBuildFile; fileRef = 81A9E3EF1A917D8D00B4F52E /* TweetViewController.m */; };
		81A9E3F41A91809C00B4F52E /* TimelineViewController.m in Sources */ = {isa = PBXBuildFile; fileRef = 81A9E3F31A91809C00B4F52E /* TimelineViewController.m */; };
/* End PBXBuildFile section */

/* Begin PBXContainerItemProxy section */
		81113A6D1A8FB4D700F07E78 /* PBXContainerItemProxy */ = {
			isa = PBXContainerItemProxy;
			containerPortal = 81113A481A8FB4D700F07E78 /* Project object */;
			proxyType = 1;
			remoteGlobalIDString = 81113A4F1A8FB4D700F07E78;
			remoteInfo = TwitterBEPID;
		};
/* End PBXContainerItemProxy section */

/* Begin PBXFileReference section */
		810AD9491A90110200B7B2B5 /* UserControl.h */ = {isa = PBXFileReference; fileEncoding = 4; lastKnownFileType = sourcecode.c.h; name = UserControl.h; path = Model/UserControl.h; sourceTree = "<group>"; };
		810AD94A1A90110200B7B2B5 /* UserControl.m */ = {isa = PBXFileReference; fileEncoding = 4; lastKnownFileType = sourcecode.c.objc; name = UserControl.m; path = Model/UserControl.m; sourceTree = "<group>"; };
		81111E0E1A92C69E004B878D /* ProfileViewController.h */ = {isa = PBXFileReference; fileEncoding = 4; lastKnownFileType = sourcecode.c.h; name = ProfileViewController.h; path = Controller/ProfileViewController.h; sourceTree = "<group>"; };
		81111E0F1A92C69E004B878D /* ProfileViewController.m */ = {isa = PBXFileReference; fileEncoding = 4; lastKnownFileType = sourcecode.c.objc; name = ProfileViewController.m; path = Controller/ProfileViewController.m; sourceTree = "<group>"; };
		81113A501A8FB4D700F07E78 /* TwitterBEPID.app */ = {isa = PBXFileReference; explicitFileType = wrapper.application; includeInIndex = 0; path = TwitterBEPID.app; sourceTree = BUILT_PRODUCTS_DIR; };
		81113A541A8FB4D700F07E78 /* Info.plist */ = {isa = PBXFileReference; lastKnownFileType = text.plist.xml; path = Info.plist; sourceTree = "<group>"; };
		81113A551A8FB4D700F07E78 /* main.m */ = {isa = PBXFileReference; lastKnownFileType = sourcecode.c.objc; path = main.m; sourceTree = "<group>"; };
		81113A571A8FB4D700F07E78 /* AppDelegate.h */ = {isa = PBXFileReference; lastKnownFileType = sourcecode.c.h; path = AppDelegate.h; sourceTree = "<group>"; };
		81113A581A8FB4D700F07E78 /* AppDelegate.m */ = {isa = PBXFileReference; lastKnownFileType = sourcecode.c.objc; path = AppDelegate.m; sourceTree = "<group>"; };
		81113A611A8FB4D700F07E78 /* Base */ = {isa = PBXFileReference; lastKnownFileType = file.storyboard; name = Base; path = Base.lproj/Main.storyboard; sourceTree = "<group>"; };
		81113A631A8FB4D700F07E78 /* Images.xcassets */ = {isa = PBXFileReference; lastKnownFileType = folder.assetcatalog; path = Images.xcassets; sourceTree = "<group>"; };
		81113A661A8FB4D700F07E78 /* Base */ = {isa = PBXFileReference; lastKnownFileType = file.xib; name = Base; path = Base.lproj/LaunchScreen.xib; sourceTree = "<group>"; };
		81113A6C1A8FB4D700F07E78 /* TwitterBEPIDTests.xctest */ = {isa = PBXFileReference; explicitFileType = wrapper.cfbundle; includeInIndex = 0; path = TwitterBEPIDTests.xctest; sourceTree = BUILT_PRODUCTS_DIR; };
		81113A711A8FB4D700F07E78 /* Info.plist */ = {isa = PBXFileReference; lastKnownFileType = text.plist.xml; path = Info.plist; sourceTree = "<group>"; };
		81113A721A8FB4D700F07E78 /* TwitterBEPIDTests.m */ = {isa = PBXFileReference; lastKnownFileType = sourcecode.c.objc; path = TwitterBEPIDTests.m; sourceTree = "<group>"; };
		81113A7F1A8FB59A00F07E78 /* Bolts.framework */ = {isa = PBXFileReference; lastKnownFileType = wrapper.framework; path = Bolts.framework; sourceTree = "<group>"; };
		81113A801A8FB59A00F07E78 /* Parse.framework */ = {isa = PBXFileReference; lastKnownFileType = wrapper.framework; path = Parse.framework; sourceTree = "<group>"; };
		81113A831A8FB5BA00F07E78 /* AudioToolbox.framework */ = {isa = PBXFileReference; lastKnownFileType = wrapper.framework; name = AudioToolbox.framework; path = System/Library/Frameworks/AudioToolbox.framework; sourceTree = SDKROOT; };
		81113A851A8FB5DF00F07E78 /* CFNetwork.framework */ = {isa = PBXFileReference; lastKnownFileType = wrapper.framework; name = CFNetwork.framework; path = System/Library/Frameworks/CFNetwork.framework; sourceTree = SDKROOT; };
		81113A871A8FB5F300F07E78 /* libsqlite3.dylib */ = {isa = PBXFileReference; lastKnownFileType = "compiled.mach-o.dylib"; name = libsqlite3.dylib; path = usr/lib/libsqlite3.dylib; sourceTree = SDKROOT; };
		81113A891A8FB5FB00F07E78 /* libz.dylib */ = {isa = PBXFileReference; lastKnownFileType = "compiled.mach-o.dylib"; name = libz.dylib; path = usr/lib/libz.dylib; sourceTree = SDKROOT; };
		81113A8B1A8FB60400F07E78 /* SystemConfiguration.framework */ = {isa = PBXFileReference; lastKnownFileType = wrapper.framework; name = SystemConfiguration.framework; path = System/Library/Frameworks/SystemConfiguration.framework; sourceTree = SDKROOT; };
		81113A8D1A8FB60900F07E78 /* StoreKit.framework */ = {isa = PBXFileReference; lastKnownFileType = wrapper.framework; name = StoreKit.framework; path = System/Library/Frameworks/StoreKit.framework; sourceTree = SDKROOT; };
		81113A8F1A8FB61200F07E78 /* Security.framework */ = {isa = PBXFileReference; lastKnownFileType = wrapper.framework; name = Security.framework; path = System/Library/Frameworks/Security.framework; sourceTree = SDKROOT; };
		81113A911A8FB62200F07E78 /* QuartzCore.framework */ = {isa = PBXFileReference; lastKnownFileType = wrapper.framework; name = QuartzCore.framework; path = System/Library/Frameworks/QuartzCore.framework; sourceTree = SDKROOT; };
		81113A931A8FB62900F07E78 /* MobileCoreServices.framework */ = {isa = PBXFileReference; lastKnownFileType = wrapper.framework; name = MobileCoreServices.framework; path = System/Library/Frameworks/MobileCoreServices.framework; sourceTree = SDKROOT; };
		81113A951A8FB63000F07E78 /* CoreLocation.framework */ = {isa = PBXFileReference; lastKnownFileType = wrapper.framework; name = CoreLocation.framework; path = System/Library/Frameworks/CoreLocation.framework; sourceTree = SDKROOT; };
		81113A971A8FB63800F07E78 /* CoreGraphics.framework */ = {isa = PBXFileReference; lastKnownFileType = wrapper.framework; name = CoreGraphics.framework; path = System/Library/Frameworks/CoreGraphics.framework; sourceTree = SDKROOT; };
		81113A9C1A8FB83700F07E78 /* Base */ = {isa = PBXFileReference; lastKnownFileType = file.storyboard; name = Base; path = Base.lproj/Login.storyboard; sourceTree = "<group>"; };
		81113AA11A8FB9D600F07E78 /* LoginViewController.h */ = {isa = PBXFileReference; fileEncoding = 4; lastKnownFileType = sourcecode.c.h; name = LoginViewController.h; path = Controller/LoginViewController.h; sourceTree = "<group>"; };
		81113AA21A8FB9D600F07E78 /* LoginViewController.m */ = {isa = PBXFileReference; fileEncoding = 4; lastKnownFileType = sourcecode.c.objc; name = LoginViewController.m; path = Controller/LoginViewController.m; sourceTree = "<group>"; };
		81113AA41A8FB9E700F07E78 /* RegisterViewController.h */ = {isa = PBXFileReference; fileEncoding = 4; lastKnownFileType = sourcecode.c.h; name = RegisterViewController.h; path = Controller/RegisterViewController.h; sourceTree = "<group>"; };
		81113AA51A8FB9E700F07E78 /* RegisterViewController.m */ = {isa = PBXFileReference; fileEncoding = 4; lastKnownFileType = sourcecode.c.objc; name = RegisterViewController.m; path = Controller/RegisterViewController.m; sourceTree = "<group>"; };
		81113AA71A8FC5B800F07E78 /* User.h */ = {isa = PBXFileReference; fileEncoding = 4; lastKnownFileType = sourcecode.c.h; name = User.h; path = Model/User.h; sourceTree = "<group>"; };
		81113AA81A8FC5B800F07E78 /* User.m */ = {isa = PBXFileReference; fileEncoding = 4; lastKnownFileType = sourcecode.c.objc; name = User.m; path = Model/User.m; sourceTree = "<group>"; };
		81156A881A93F96C0001A1B6 /* Tweet.h */ = {isa = PBXFileReference; fileEncoding = 4; lastKnownFileType = sourcecode.c.h; name = Tweet.h; path = Model/Tweet.h; sourceTree = "<group>"; };
		81156A891A93F96C0001A1B6 /* Tweet.m */ = {isa = PBXFileReference; fileEncoding = 4; lastKnownFileType = sourcecode.c.objc; name = Tweet.m; path = Model/Tweet.m; sourceTree = "<group>"; };
		81156A8B1A93F9810001A1B6 /* TweetControl.h */ = {isa = PBXFileReference; fileEncoding = 4; lastKnownFileType = sourcecode.c.h; name = TweetControl.h; path = Model/TweetControl.h; sourceTree = "<group>"; };
		81156A8C1A93F9810001A1B6 /* TweetControl.m */ = {isa = PBXFileReference; fileEncoding = 4; lastKnownFileType = sourcecode.c.objc; name = TweetControl.m; path = Model/TweetControl.m; sourceTree = "<group>"; };
		8135FC3B1A924E62008F8B5B /* Util.h */ = {isa = PBXFileReference; fileEncoding = 4; lastKnownFileType = sourcecode.c.h; path = Util.h; sourceTree = "<group>"; };
		8135FC3C1A924E62008F8B5B /* Util.m */ = {isa = PBXFileReference; fileEncoding = 4; lastKnownFileType = sourcecode.c.objc; path = Util.m; sourceTree = "<group>"; };
		8135FC3E1A926BB8008F8B5B /* UsersCollectionViewController.h */ = {isa = PBXFileReference; fileEncoding = 4; lastKnownFileType = sourcecode.c.h; name = UsersCollectionViewController.h; path = Controller/UsersCollectionViewController.h; sourceTree = "<group>"; };
		8135FC3F1A926BB8008F8B5B /* UsersCollectionViewController.m */ = {isa = PBXFileReference; fileEncoding = 4; lastKnownFileType = sourcecode.c.objc; name = UsersCollectionViewController.m; path = Controller/UsersCollectionViewController.m; sourceTree = "<group>"; };
		8135FC411A926DCD008F8B5B /* UserCollectionViewCell.h */ = {isa = PBXFileReference; fileEncoding = 4; lastKnownFileType = sourcecode.c.h; name = UserCollectionViewCell.h; path = Controller/UserCollectionViewCell.h; sourceTree = "<group>"; };
		8135FC421A926DCD008F8B5B /* UserCollectionViewCell.m */ = {isa = PBXFileReference; fileEncoding = 4; lastKnownFileType = sourcecode.c.objc; name = UserCollectionViewCell.m; path = Controller/UserCollectionViewCell.m; sourceTree = "<group>"; };
		8135FC451A926FDF008F8B5B /* AsyncImageView.h */ = {isa = PBXFileReference; fileEncoding = 4; lastKnownFileType = sourcecode.c.h; path = AsyncImageView.h; sourceTree = "<group>"; };
		8135FC461A926FDF008F8B5B /* AsyncImageView.m */ = {isa = PBXFileReference; fileEncoding = 4; lastKnownFileType = sourcecode.c.objc; path = AsyncImageView.m; sourceTree = "<group>"; };
		816230461A910E6000110ABA /* Common.h */ = {isa = PBXFileReference; fileEncoding = 4; lastKnownFileType = sourcecode.c.h; path = Common.h; sourceTree = "<group>"; };
		819A11951A93D42F00B254FE /* Message.h */ = {isa = PBXFileReference; fileEncoding = 4; lastKnownFileType = sourcecode.c.h; name = Message.h; path = Model/Message.h; sourceTree = "<group>"; };
		819A11961A93D42F00B254FE /* Message.m */ = {isa = PBXFileReference; fileEncoding = 4; lastKnownFileType = sourcecode.c.objc; name = Message.m; path = Model/Message.m; sourceTree = "<group>"; };
		81A9E3E51A917D3F00B4F52E /* FavoritesViewController.h */ = {isa = PBXFileReference; fileEncoding = 4; lastKnownFileType = sourcecode.c.h; name = FavoritesViewController.h; path = Controller/FavoritesViewController.h; sourceTree = "<group>"; };
		81A9E3E61A917D3F00B4F52E /* FavoritesViewController.m */ = {isa = PBXFileReference; fileEncoding = 4; lastKnownFileType = sourcecode.c.objc; name = FavoritesViewController.m; path = Controller/FavoritesViewController.m; sourceTree = "<group>"; };
		81A9E3E81A917D5A00B4F52E /* MessagesViewController.h */ = {isa = PBXFileReference; fileEncoding = 4; lastKnownFileType = sourcecode.c.h; name = MessagesViewController.h; path = Controller/MessagesViewController.h; sourceTree = "<group>"; };
		81A9E3E91A917D5A00B4F52E /* MessagesViewController.m */ = {isa = PBXFileReference; fileEncoding = 4; lastKnownFileType = sourcecode.c.objc; name = MessagesViewController.m; path = Controller/MessagesViewController.m; sourceTree = "<group>"; };
		81A9E3EE1A917D8D00B4F52E /* TweetViewController.h */ = {isa = PBXFileReference; fileEncoding = 4; lastKnownFileType = sourcecode.c.h; name = TweetViewController.h; path = Controller/TweetViewController.h; sourceTree = "<group>"; };
		81A9E3EF1A917D8D00B4F52E /* TweetViewController.m */ = {isa = PBXFileReference; fileEncoding = 4; lastKnownFileType = sourcecode.c.objc; name = TweetViewController.m; path = Controller/TweetViewController.m; sourceTree = "<group>"; };
		81A9E3F21A91809C00B4F52E /* TimelineViewController.h */ = {isa = PBXFileReference; fileEncoding = 4; lastKnownFileType = sourcecode.c.h; name = TimelineViewController.h; path = Controller/TimelineViewController.h; sourceTree = "<group>"; };
		81A9E3F31A91809C00B4F52E /* TimelineViewController.m */ = {isa = PBXFileReference; fileEncoding = 4; lastKnownFileType = sourcecode.c.objc; name = TimelineViewController.m; path = Controller/TimelineViewController.m; sourceTree = "<group>"; };
/* End PBXFileReference section */

/* Begin PBXFrameworksBuildPhase section */
		81113A4D1A8FB4D700F07E78 /* Frameworks */ = {
			isa = PBXFrameworksBuildPhase;
			buildActionMask = 2147483647;
			files = (
				81113A9A1A8FB64600F07E78 /* AudioToolbox.framework in Frameworks */,
				81113A991A8FB64000F07E78 /* CFNetwork.framework in Frameworks */,
				81113A981A8FB63800F07E78 /* CoreGraphics.framework in Frameworks */,
				81113A961A8FB63000F07E78 /* CoreLocation.framework in Frameworks */,
				81113A941A8FB62900F07E78 /* MobileCoreServices.framework in Frameworks */,
				81113A921A8FB62200F07E78 /* QuartzCore.framework in Frameworks */,
				81113A901A8FB61200F07E78 /* Security.framework in Frameworks */,
				81113A8E1A8FB60900F07E78 /* StoreKit.framework in Frameworks */,
				81113A8C1A8FB60400F07E78 /* SystemConfiguration.framework in Frameworks */,
				81113A8A1A8FB5FB00F07E78 /* libz.dylib in Frameworks */,
				81113A881A8FB5F300F07E78 /* libsqlite3.dylib in Frameworks */,
				81113A821A8FB59A00F07E78 /* Parse.framework in Frameworks */,
				81113A811A8FB59A00F07E78 /* Bolts.framework in Frameworks */,
			);
			runOnlyForDeploymentPostprocessing = 0;
		};
		81113A691A8FB4D700F07E78 /* Frameworks */ = {
			isa = PBXFrameworksBuildPhase;
			buildActionMask = 2147483647;
			files = (
			);
			runOnlyForDeploymentPostprocessing = 0;
		};
/* End PBXFrameworksBuildPhase section */

/* Begin PBXGroup section */
		81113A471A8FB4D700F07E78 = {
			isa = PBXGroup;
			children = (
				81113A521A8FB4D700F07E78 /* TwitterBEPID */,
				81113A6F1A8FB4D700F07E78 /* TwitterBEPIDTests */,
				81113A7E1A8FB56900F07E78 /* Frameworks */,
				81113A511A8FB4D700F07E78 /* Products */,
			);
			sourceTree = "<group>";
		};
		81113A511A8FB4D700F07E78 /* Products */ = {
			isa = PBXGroup;
			children = (
				81113A501A8FB4D700F07E78 /* TwitterBEPID.app */,
				81113A6C1A8FB4D700F07E78 /* TwitterBEPIDTests.xctest */,
			);
			name = Products;
			sourceTree = "<group>";
		};
		81113A521A8FB4D700F07E78 /* TwitterBEPID */ = {
			isa = PBXGroup;
			children = (
				816230461A910E6000110ABA /* Common.h */,
				8135FC3B1A924E62008F8B5B /* Util.h */,
				8135FC3C1A924E62008F8B5B /* Util.m */,
				81113A571A8FB4D700F07E78 /* AppDelegate.h */,
				81113A581A8FB4D700F07E78 /* AppDelegate.m */,
				81113A631A8FB4D700F07E78 /* Images.xcassets */,
				81113AA01A8FB98D00F07E78 /* Model */,
				81113A9E1A8FB94A00F07E78 /* View */,
				81113A9F1A8FB98200F07E78 /* Controller */,
				81113A531A8FB4D700F07E78 /* Supporting Files */,
			);
			path = TwitterBEPID;
			sourceTree = "<group>";
		};
		81113A531A8FB4D700F07E78 /* Supporting Files */ = {
			isa = PBXGroup;
			children = (
				8135FC441A926FD5008F8B5B /* AsyncImageView */,
				81113A541A8FB4D700F07E78 /* Info.plist */,
				81113A551A8FB4D700F07E78 /* main.m */,
			);
			name = "Supporting Files";
			sourceTree = "<group>";
		};
		81113A6F1A8FB4D700F07E78 /* TwitterBEPIDTests */ = {
			isa = PBXGroup;
			children = (
				81113A721A8FB4D700F07E78 /* TwitterBEPIDTests.m */,
				81113A701A8FB4D700F07E78 /* Supporting Files */,
			);
			path = TwitterBEPIDTests;
			sourceTree = "<group>";
		};
		81113A701A8FB4D700F07E78 /* Supporting Files */ = {
			isa = PBXGroup;
			children = (
				81113A711A8FB4D700F07E78 /* Info.plist */,
			);
			name = "Supporting Files";
			sourceTree = "<group>";
		};
		81113A7E1A8FB56900F07E78 /* Frameworks */ = {
			isa = PBXGroup;
			children = (
				81113A971A8FB63800F07E78 /* CoreGraphics.framework */,
				81113A951A8FB63000F07E78 /* CoreLocation.framework */,
				81113A931A8FB62900F07E78 /* MobileCoreServices.framework */,
				81113A911A8FB62200F07E78 /* QuartzCore.framework */,
				81113A8F1A8FB61200F07E78 /* Security.framework */,
				81113A8D1A8FB60900F07E78 /* StoreKit.framework */,
				81113A8B1A8FB60400F07E78 /* SystemConfiguration.framework */,
				81113A891A8FB5FB00F07E78 /* libz.dylib */,
				81113A871A8FB5F300F07E78 /* libsqlite3.dylib */,
				81113A851A8FB5DF00F07E78 /* CFNetwork.framework */,
				81113A831A8FB5BA00F07E78 /* AudioToolbox.framework */,
				81113A801A8FB59A00F07E78 /* Parse.framework */,
				81113A7F1A8FB59A00F07E78 /* Bolts.framework */,
			);
			name = Frameworks;
			sourceTree = "<group>";
		};
		81113A9E1A8FB94A00F07E78 /* View */ = {
			isa = PBXGroup;
			children = (
				81113A651A8FB4D700F07E78 /* LaunchScreen.xib */,
				81113A9B1A8FB83700F07E78 /* Login.storyboard */,
				81113A601A8FB4D700F07E78 /* Main.storyboard */,
			);
			name = View;
			sourceTree = "<group>";
		};
		81113A9F1A8FB98200F07E78 /* Controller */ = {
			isa = PBXGroup;
			children = (
				8135FC481A927000008F8B5B /* Login */,
				8135FC4A1A92701B008F8B5B /* Timeline */,
				8135FC491A927007008F8B5B /* Users */,
			);
			name = Controller;
			sourceTree = "<group>";
		};
		81113AA01A8FB98D00F07E78 /* Model */ = {
			isa = PBXGroup;
			children = (
				81129FC61A981C2800625F22 /* User */,
				81129FCA1A981C8B00625F22 /* Follow */,
				81129FC71A981C3C00625F22 /* Tweet */,
				81129FC91A981C7200625F22 /* Message */,
			);
			name = Model;
			sourceTree = "<group>";
		};
		81129FC61A981C2800625F22 /* User */ = {
			isa = PBXGroup;
			children = (
				81113AA71A8FC5B800F07E78 /* User.h */,
				81113AA81A8FC5B800F07E78 /* User.m */,
				810AD9491A90110200B7B2B5 /* UserControl.h */,
				810AD94A1A90110200B7B2B5 /* UserControl.m */,
			);
			name = User;
			sourceTree = "<group>";
		};
		81129FC71A981C3C00625F22 /* Tweet */ = {
			isa = PBXGroup;
			children = (
				81156A881A93F96C0001A1B6 /* Tweet.h */,
				81156A891A93F96C0001A1B6 /* Tweet.m */,
				81156A8B1A93F9810001A1B6 /* TweetControl.h */,
				81156A8C1A93F9810001A1B6 /* TweetControl.m */,
			);
			name = Tweet;
			sourceTree = "<group>";
		};
		81129FC91A981C7200625F22 /* Message */ = {
			isa = PBXGroup;
			children = (
				819A11951A93D42F00B254FE /* Message.h */,
				819A11961A93D42F00B254FE /* Message.m */,
			);
			name = Message;
			sourceTree = "<group>";
		};
		81129FCA1A981C8B00625F22 /* Follow */ = {
			isa = PBXGroup;
			children = (
			);
			name = Follow;
			sourceTree = "<group>";
		};
		8135FC441A926FD5008F8B5B /* AsyncImageView */ = {
			isa = PBXGroup;
			children = (
				8135FC451A926FDF008F8B5B /* AsyncImageView.h */,
				8135FC461A926FDF008F8B5B /* AsyncImageView.m */,
			);
			name = AsyncImageView;
			sourceTree = "<group>";
		};
		8135FC481A927000008F8B5B /* Login */ = {
			isa = PBXGroup;
			children = (
				81113AA11A8FB9D600F07E78 /* LoginViewController.h */,
				81113AA21A8FB9D600F07E78 /* LoginViewController.m */,
				81113AA41A8FB9E700F07E78 /* RegisterViewController.h */,
				81113AA51A8FB9E700F07E78 /* RegisterViewController.m */,
			);
			name = Login;
			sourceTree = "<group>";
		};
		8135FC491A927007008F8B5B /* Users */ = {
			isa = PBXGroup;
			children = (
				8135FC3E1A926BB8008F8B5B /* UsersCollectionViewController.h */,
				8135FC3F1A926BB8008F8B5B /* UsersCollectionViewController.m */,
				8135FC411A926DCD008F8B5B /* UserCollectionViewCell.h */,
				8135FC421A926DCD008F8B5B /* UserCollectionViewCell.m */,
				81A9E3E81A917D5A00B4F52E /* MessagesViewController.h */,
				81A9E3E91A917D5A00B4F52E /* MessagesViewController.m */,
				81111E0E1A92C69E004B878D /* ProfileViewController.h */,
				81111E0F1A92C69E004B878D /* ProfileViewController.m */,
			);
			name = Users;
			sourceTree = "<group>";
		};
		8135FC4A1A92701B008F8B5B /* Timeline */ = {
			isa = PBXGroup;
			children = (
				81A9E3F21A91809C00B4F52E /* TimelineViewController.h */,
				81A9E3F31A91809C00B4F52E /* TimelineViewController.m */,
				81A9E3EE1A917D8D00B4F52E /* TweetViewController.h */,
				81A9E3EF1A917D8D00B4F52E /* TweetViewController.m */,
				81A9E3E51A917D3F00B4F52E /* FavoritesViewController.h */,
				81A9E3E61A917D3F00B4F52E /* FavoritesViewController.m */,
			);
			name = Timeline;
			sourceTree = "<group>";
		};
/* End PBXGroup section */

/* Begin PBXNativeTarget section */
		81113A4F1A8FB4D700F07E78 /* TwitterBEPID */ = {
			isa = PBXNativeTarget;
			buildConfigurationList = 81113A761A8FB4D700F07E78 /* Build configuration list for PBXNativeTarget "TwitterBEPID" */;
			buildPhases = (
				81113A4C1A8FB4D700F07E78 /* Sources */,
				81113A4D1A8FB4D700F07E78 /* Frameworks */,
				81113A4E1A8FB4D700F07E78 /* Resources */,
			);
			buildRules = (
			);
			dependencies = (
			);
			name = TwitterBEPID;
			productName = TwitterBEPID;
			productReference = 81113A501A8FB4D700F07E78 /* TwitterBEPID.app */;
			productType = "com.apple.product-type.application";
		};
		81113A6B1A8FB4D700F07E78 /* TwitterBEPIDTests */ = {
			isa = PBXNativeTarget;
			buildConfigurationList = 81113A791A8FB4D700F07E78 /* Build configuration list for PBXNativeTarget "TwitterBEPIDTests" */;
			buildPhases = (
				81113A681A8FB4D700F07E78 /* Sources */,
				81113A691A8FB4D700F07E78 /* Frameworks */,
				81113A6A1A8FB4D700F07E78 /* Resources */,
			);
			buildRules = (
			);
			dependencies = (
				81113A6E1A8FB4D700F07E78 /* PBXTargetDependency */,
			);
			name = TwitterBEPIDTests;
			productName = TwitterBEPIDTests;
			productReference = 81113A6C1A8FB4D700F07E78 /* TwitterBEPIDTests.xctest */;
			productType = "com.apple.product-type.bundle.unit-test";
		};
/* End PBXNativeTarget section */

/* Begin PBXProject section */
		81113A481A8FB4D700F07E78 /* Project object */ = {
			isa = PBXProject;
			attributes = {
				LastUpgradeCheck = 0610;
				ORGANIZATIONNAME = DevMac;
				TargetAttributes = {
					81113A4F1A8FB4D700F07E78 = {
						CreatedOnToolsVersion = 6.1.1;
					};
					81113A6B1A8FB4D700F07E78 = {
						CreatedOnToolsVersion = 6.1.1;
						TestTargetID = 81113A4F1A8FB4D700F07E78;
					};
				};
			};
			buildConfigurationList = 81113A4B1A8FB4D700F07E78 /* Build configuration list for PBXProject "TwitterBEPID" */;
			compatibilityVersion = "Xcode 3.2";
			developmentRegion = English;
			hasScannedForEncodings = 0;
			knownRegions = (
				en,
				Base,
			);
			mainGroup = 81113A471A8FB4D700F07E78;
			productRefGroup = 81113A511A8FB4D700F07E78 /* Products */;
			projectDirPath = "";
			projectRoot = "";
			targets = (
				81113A4F1A8FB4D700F07E78 /* TwitterBEPID */,
				81113A6B1A8FB4D700F07E78 /* TwitterBEPIDTests */,
			);
		};
/* End PBXProject section */

/* Begin PBXResourcesBuildPhase section */
		81113A4E1A8FB4D700F07E78 /* Resources */ = {
			isa = PBXResourcesBuildPhase;
			buildActionMask = 2147483647;
			files = (
				81113A9D1A8FB83700F07E78 /* Login.storyboard in Resources */,
				81113A621A8FB4D700F07E78 /* Main.storyboard in Resources */,
				81113A671A8FB4D700F07E78 /* LaunchScreen.xib in Resources */,
				81113A641A8FB4D700F07E78 /* Images.xcassets in Resources */,
			);
			runOnlyForDeploymentPostprocessing = 0;
		};
		81113A6A1A8FB4D700F07E78 /* Resources */ = {
			isa = PBXResourcesBuildPhase;
			buildActionMask = 2147483647;
			files = (
			);
			runOnlyForDeploymentPostprocessing = 0;
		};
/* End PBXResourcesBuildPhase section */

/* Begin PBXSourcesBuildPhase section */
		81113A4C1A8FB4D700F07E78 /* Sources */ = {
			isa = PBXSourcesBuildPhase;
			buildActionMask = 2147483647;
			files = (
				8135FC3D1A924E62008F8B5B /* Util.m in Sources */,
				81A9E3F01A917D8D00B4F52E /* TweetViewController.m in Sources */,
				81A9E3EA1A917D5A00B4F52E /* MessagesViewController.m in Sources */,
				8135FC401A926BB8008F8B5B /* UsersCollectionViewController.m in Sources */,
				81111E101A92C69E004B878D /* ProfileViewController.m in Sources */,
				81113AA61A8FB9E700F07E78 /* RegisterViewController.m in Sources */,
				810AD94B1A90110200B7B2B5 /* UserControl.m in Sources */,
				81A9E3F41A91809C00B4F52E /* TimelineViewController.m in Sources */,
				8135FC471A926FDF008F8B5B /* AsyncImageView.m in Sources */,
				81156A8A1A93F96C0001A1B6 /* Tweet.m in Sources */,
				819A11971A93D42F00B254FE /* Message.m in Sources */,
				81113A591A8FB4D700F07E78 /* AppDelegate.m in Sources */,
				81113A561A8FB4D700F07E78 /* main.m in Sources */,
				8135FC431A926DCD008F8B5B /* UserCollectionViewCell.m in Sources */,
				81A9E3E71A917D3F00B4F52E /* FavoritesViewController.m in Sources */,
				81156A8D1A93F9810001A1B6 /* TweetControl.m in Sources */,
				81113AA91A8FC5B800F07E78 /* User.m in Sources */,
				81113AA31A8FB9D600F07E78 /* LoginViewController.m in Sources */,
			);
			runOnlyForDeploymentPostprocessing = 0;
		};
		81113A681A8FB4D700F07E78 /* Sources */ = {
			isa = PBXSourcesBuildPhase;
			buildActionMask = 2147483647;
			files = (
				81113A731A8FB4D700F07E78 /* TwitterBEPIDTests.m in Sources */,
			);
			runOnlyForDeploymentPostprocessing = 0;
		};
/* End PBXSourcesBuildPhase section */

/* Begin PBXTargetDependency section */
		81113A6E1A8FB4D700F07E78 /* PBXTargetDependency */ = {
			isa = PBXTargetDependency;
			target = 81113A4F1A8FB4D700F07E78 /* TwitterBEPID */;
			targetProxy = 81113A6D1A8FB4D700F07E78 /* PBXContainerItemProxy */;
		};
/* End PBXTargetDependency section */

/* Begin PBXVariantGroup section */
		81113A601A8FB4D700F07E78 /* Main.storyboard */ = {
			isa = PBXVariantGroup;
			children = (
				81113A611A8FB4D700F07E78 /* Base */,
			);
			name = Main.storyboard;
			sourceTree = "<group>";
		};
		81113A651A8FB4D700F07E78 /* LaunchScreen.xib */ = {
			isa = PBXVariantGroup;
			children = (
				81113A661A8FB4D700F07E78 /* Base */,
			);
			name = LaunchScreen.xib;
			sourceTree = "<group>";
		};
		81113A9B1A8FB83700F07E78 /* Login.storyboard */ = {
			isa = PBXVariantGroup;
			children = (
				81113A9C1A8FB83700F07E78 /* Base */,
			);
			name = Login.storyboard;
			sourceTree = "<group>";
		};
/* End PBXVariantGroup section */

/* Begin XCBuildConfiguration section */
		81113A741A8FB4D700F07E78 /* Debug */ = {
			isa = XCBuildConfiguration;
			buildSettings = {
				ALWAYS_SEARCH_USER_PATHS = NO;
				CLANG_CXX_LANGUAGE_STANDARD = "gnu++0x";
				CLANG_CXX_LIBRARY = "libc++";
				CLANG_ENABLE_MODULES = YES;
				CLANG_ENABLE_OBJC_ARC = YES;
				CLANG_WARN_BOOL_CONVERSION = YES;
				CLANG_WARN_CONSTANT_CONVERSION = YES;
				CLANG_WARN_DIRECT_OBJC_ISA_USAGE = YES_ERROR;
				CLANG_WARN_EMPTY_BODY = YES;
				CLANG_WARN_ENUM_CONVERSION = YES;
				CLANG_WARN_INT_CONVERSION = YES;
				CLANG_WARN_OBJC_ROOT_CLASS = YES_ERROR;
				CLANG_WARN_UNREACHABLE_CODE = YES;
				CLANG_WARN__DUPLICATE_METHOD_MATCH = YES;
				"CODE_SIGN_IDENTITY[sdk=iphoneos*]" = "iPhone Developer";
				COPY_PHASE_STRIP = NO;
				ENABLE_STRICT_OBJC_MSGSEND = YES;
				GCC_C_LANGUAGE_STANDARD = gnu99;
				GCC_DYNAMIC_NO_PIC = NO;
				GCC_OPTIMIZATION_LEVEL = 0;
				GCC_PREPROCESSOR_DEFINITIONS = (
					"DEBUG=1",
					"$(inherited)",
				);
				GCC_SYMBOLS_PRIVATE_EXTERN = NO;
				GCC_WARN_64_TO_32_BIT_CONVERSION = YES;
				GCC_WARN_ABOUT_RETURN_TYPE = YES_ERROR;
				GCC_WARN_UNDECLARED_SELECTOR = YES;
				GCC_WARN_UNINITIALIZED_AUTOS = YES_AGGRESSIVE;
				GCC_WARN_UNUSED_FUNCTION = YES;
				GCC_WARN_UNUSED_VARIABLE = YES;
				IPHONEOS_DEPLOYMENT_TARGET = 8.0;
				MTL_ENABLE_DEBUG_INFO = YES;
				ONLY_ACTIVE_ARCH = YES;
				SDKROOT = iphoneos;
			};
			name = Debug;
		};
		81113A751A8FB4D700F07E78 /* Release */ = {
			isa = XCBuildConfiguration;
			buildSettings = {
				ALWAYS_SEARCH_USER_PATHS = NO;
				CLANG_CXX_LANGUAGE_STANDARD = "gnu++0x";
				CLANG_CXX_LIBRARY = "libc++";
				CLANG_ENABLE_MODULES = YES;
				CLANG_ENABLE_OBJC_ARC = YES;
				CLANG_WARN_BOOL_CONVERSION = YES;
				CLANG_WARN_CONSTANT_CONVERSION = YES;
				CLANG_WARN_DIRECT_OBJC_ISA_USAGE = YES_ERROR;
				CLANG_WARN_EMPTY_BODY = YES;
				CLANG_WARN_ENUM_CONVERSION = YES;
				CLANG_WARN_INT_CONVERSION = YES;
				CLANG_WARN_OBJC_ROOT_CLASS = YES_ERROR;
				CLANG_WARN_UNREACHABLE_CODE = YES;
				CLANG_WARN__DUPLICATE_METHOD_MATCH = YES;
				"CODE_SIGN_IDENTITY[sdk=iphoneos*]" = "iPhone Developer";
				COPY_PHASE_STRIP = YES;
				ENABLE_NS_ASSERTIONS = NO;
				ENABLE_STRICT_OBJC_MSGSEND = YES;
				GCC_C_LANGUAGE_STANDARD = gnu99;
				GCC_WARN_64_TO_32_BIT_CONVERSION = YES;
				GCC_WARN_ABOUT_RETURN_TYPE = YES_ERROR;
				GCC_WARN_UNDECLARED_SELECTOR = YES;
				GCC_WARN_UNINITIALIZED_AUTOS = YES_AGGRESSIVE;
				GCC_WARN_UNUSED_FUNCTION = YES;
				GCC_WARN_UNUSED_VARIABLE = YES;
				IPHONEOS_DEPLOYMENT_TARGET = 8.0;
				MTL_ENABLE_DEBUG_INFO = NO;
				SDKROOT = iphoneos;
				VALIDATE_PRODUCT = YES;
			};
			name = Release;
		};
		81113A771A8FB4D700F07E78 /* Debug */ = {
			isa = XCBuildConfiguration;
			buildSettings = {
				ASSETCATALOG_COMPILER_APPICON_NAME = AppIcon;
				FRAMEWORK_SEARCH_PATHS = (
					"$(inherited)",
					"$(PROJECT_DIR)",
				);
				INFOPLIST_FILE = TwitterBEPID/Info.plist;
				LD_RUNPATH_SEARCH_PATHS = "$(inherited) @executable_path/Frameworks";
				PRODUCT_NAME = "$(TARGET_NAME)";
				PROVISIONING_PROFILE = "ced17771-3d04-4a56-a9ef-01346a25022a";
			};
			name = Debug;
		};
		81113A781A8FB4D700F07E78 /* Release */ = {
			isa = XCBuildConfiguration;
			buildSettings = {
				ASSETCATALOG_COMPILER_APPICON_NAME = AppIcon;
				FRAMEWORK_SEARCH_PATHS = (
					"$(inherited)",
					"$(PROJECT_DIR)",
				);
				INFOPLIST_FILE = TwitterBEPID/Info.plist;
				LD_RUNPATH_SEARCH_PATHS = "$(inherited) @executable_path/Frameworks";
				PRODUCT_NAME = "$(TARGET_NAME)";
				PROVISIONING_PROFILE = "ced17771-3d04-4a56-a9ef-01346a25022a";
			};
			name = Release;
		};
		81113A7A1A8FB4D700F07E78 /* Debug */ = {
			isa = XCBuildConfiguration;
			buildSettings = {
				BUNDLE_LOADER = "$(TEST_HOST)";
				FRAMEWORK_SEARCH_PATHS = (
					"$(SDKROOT)/Developer/Library/Frameworks",
					"$(inherited)",
				);
				GCC_PREPROCESSOR_DEFINITIONS = (
					"DEBUG=1",
					"$(inherited)",
				);
				INFOPLIST_FILE = TwitterBEPIDTests/Info.plist;
				LD_RUNPATH_SEARCH_PATHS = "$(inherited) @executable_path/Frameworks @loader_path/Frameworks";
				PRODUCT_NAME = "$(TARGET_NAME)";
				TEST_HOST = "$(BUILT_PRODUCTS_DIR)/TwitterBEPID.app/TwitterBEPID";
			};
			name = Debug;
		};
		81113A7B1A8FB4D700F07E78 /* Release */ = {
			isa = XCBuildConfiguration;
			buildSettings = {
				BUNDLE_LOADER = "$(TEST_HOST)";
				FRAMEWORK_SEARCH_PATHS = (
					"$(SDKROOT)/Developer/Library/Frameworks",
					"$(inherited)",
				);
				INFOPLIST_FILE = TwitterBEPIDTests/Info.plist;
				LD_RUNPATH_SEARCH_PATHS = "$(inherited) @executable_path/Frameworks @loader_path/Frameworks";
				PRODUCT_NAME = "$(TARGET_NAME)";
				TEST_HOST = "$(BUILT_PRODUCTS_DIR)/TwitterBEPID.app/TwitterBEPID";
			};
			name = Release;
		};
/* End XCBuildConfiguration section */

/* Begin XCConfigurationList section */
		81113A4B1A8FB4D700F07E78 /* Build configuration list for PBXProject "TwitterBEPID" */ = {
			isa = XCConfigurationList;
			buildConfigurations = (
				81113A741A8FB4D700F07E78 /* Debug */,
				81113A751A8FB4D700F07E78 /* Release */,
			);
			defaultConfigurationIsVisible = 0;
			defaultConfigurationName = Release;
		};
		81113A761A8FB4D700F07E78 /* Build configuration list for PBXNativeTarget "TwitterBEPID" */ = {
			isa = XCConfigurationList;
			buildConfigurations = (
				81113A771A8FB4D700F07E78 /* Debug */,
				81113A781A8FB4D700F07E78 /* Release */,
			);
			defaultConfigurationIsVisible = 0;
			defaultConfigurationName = Release;
		};
		81113A791A8FB4D700F07E78 /* Build configuration list for PBXNativeTarget "TwitterBEPIDTests" */ = {
			isa = XCConfigurationList;
			buildConfigurations = (
				81113A7A1A8FB4D700F07E78 /* Debug */,
				81113A7B1A8FB4D700F07E78 /* Release */,
			);
			defaultConfigurationIsVisible = 0;
			defaultConfigurationName = Release;
		};
/* End XCConfigurationList section */
	};
	rootObject = 81113A481A8FB4D700F07E78 /* Project object */;
}
